
Microsoft Visual Studio Solution File, Format Version 12.00
Project("{FAE04EC0-301F-11D3-BF4B-00C04F79EFBC}") = "StockMarket", "StockMarket\StockMarket.csproj", "{C5F882C0-D5D5-41F8-B865-EE23AE3E44FF}"
EndProject
Global
	GlobalSection(SolutionConfigurationPlatforms) = preSolution
		Debug|Any CPU = Debug|Any CPU
		Release|Any CPU = Release|Any CPU
	EndGlobalSection
	GlobalSection(ProjectConfigurationPlatforms) = postSolution
		{C5F882C0-D5D5-41F8-B865-EE23AE3E44FF}.Debug|Any CPU.ActiveCfg = Debug|Any CPU
		{C5F882C0-D5D5-41F8-B865-EE23AE3E44FF}.Debug|Any CPU.Build.0 = Debug|Any CPU
		{C5F882C0-D5D5-41F8-B865-EE23AE3E44FF}.Release|Any CPU.ActiveCfg = Release|Any CPU
		{C5F882C0-D5D5-41F8-B865-EE23AE3E44FF}.Release|Any CPU.Build.0 = Release|Any CPU
	EndGlobalSection
EndGlobal
